# THIS IS AN AUTOGENERATED FILE. DO NOT EDIT THIS FILE DIRECTLY.
# yarn lockfile v1


"@xmldom/xmldom@^0.8.6":
  version "0.8.6"
  resolved "https://registry.yarnpkg.com/@xmldom/xmldom/-/xmldom-0.8.6.tgz#8a1524eb5bd5e965c1e3735476f0262469f71440"
  integrity sha512-uRjjusqpoqfmRkTaNuLJ2VohVr67Q5YwDATW3VU7PfzTj6IRaihGrYI7zckGZjxQPBIp63nfvJbM+Yu5ICh0Bg==

pdf2json@3.0.1:
  version "3.0.1"
  resolved "https://registry.yarnpkg.com/pdf2json/-/pdf2json-3.0.1.tgz#2ceccea811668aff64e30e3711047d941ec881da"
  integrity sha512-1pNsakC8F+OuFS72U+ZI0u8J/voPYYDYHj/0B/7ywYUm3w0QurkDBy3pH35kzygjgmJJVHk2a9I6gBswFF8hQQ==
  dependencies:
    "@xmldom/xmldom" "^0.8.6"

pdfreader@^3.0.0:
  version "3.0.0"
  resolved "https://registry.yarnpkg.com/pdfreader/-/pdfreader-3.0.0.tgz#cc3d73ac0cfcbcb6624c2c450ddb7878b7a6fd9d"
  integrity sha512-jTMFdvC4RT5kcU2CrT8GqtswNCYiU/tPHwVKGgnnta6tNaLIgV+ekkb4kq+5xgkQMMR+OJsj/AdAIaASmHr8Iw==
  dependencies:
    pdf2json "3.0.1"
